
Microsoft Visual Studio Solution File, Format Version 12.00
# Visual Studio Version 16
VisualStudioVersion = 16.0.30204.135
MinimumVisualStudioVersion = 10.0.40219.1
Project("{FAE04EC0-301F-11D3-BF4B-00C04F79EFBC}") = "EntityFrameworkCodeFirstDemo", "EntityFrameworkCodeFirstDemo\EntityFrameworkCodeFirstDemo.csproj", "{44F5E479-F322-4444-9862-13C6588B4B38}"
EndProject
Global
	GlobalSection(SolutionConfigurationPlatforms) = preSolution
		Debug|Any CPU = Debug|Any CPU
		Release|Any CPU = Release|Any CPU
	EndGlobalSection
	GlobalSection(ProjectConfigurationPlatforms) = postSolution
		{44F5E479-F322-4444-9862-13C6588B4B38}.Debug|Any CPU.ActiveCfg = Debug|Any CPU
		{44F5E479-F322-4444-9862-13C6588B4B38}.Debug|Any CPU.Build.0 = Debug|Any CPU
		{44F5E479-F322-4444-9862-13C6588B4B38}.Release|Any CPU.ActiveCfg = Release|Any CPU
		{44F5E479-F322-4444-9862-13C6588B4B38}.Release|Any CPU.Build.0 = Release|Any CPU
	EndGlobalSection
	GlobalSection(SolutionProperties) = preSolution
		HideSolutionNode = FALSE
	EndGlobalSection
	GlobalSection(ExtensibilityGlobals) = postSolution
		SolutionGuid = {E347B04A-7E3F-475C-9F0D-B58169D219A8}
	EndGlobalSection
EndGlobal
